BUILDER_IMAGE=ghcr.io/letovo-dev/letovo-backend-builder@sha256:2e504e6ae88819621fa055128f0e83a15ea47be27fd66febbb53ed4e784cbd2c
BUILDER_LOCK_REVISION=d870ad68ba969bc909b9114b12a9857286bcefeb2883c24145c8e9b7d99cc951
BUILDER_MANIFEST_REVISION=8b53ceacf2a15d33206c62644dcba1ffb3a7f6577fafa9e8ca460dac3a1e9a8a
